
Microsoft Visual Studio Solution File, Format Version 12.00
# Visual Studio Version 17
VisualStudioVersion = 17.1.32203.90
MinimumVisualStudioVersion = 10.0.40219.1
Project("{FAE04EC0-301F-11D3-BF4B-00C04F79EFBC}") = "ClearItem", "ClearItem.csproj", "{01681C9F-A582-4C6F-A138-AD19762232D4}"
EndProject
Global
	GlobalSection(SolutionConfigurationPlatforms) = preSolution
		Debug|Any CPU = Debug|Any CPU
		Release|Any CPU = Release|Any CPU
	EndGlobalSection
	GlobalSection(ProjectConfigurationPlatforms) = postSolution
		{01681C9F-A582-4C6F-A138-AD19762232D4}.Debug|Any CPU.ActiveCfg = Debug|Any CPU
		{01681C9F-A582-4C6F-A138-AD19762232D4}.Debug|Any CPU.Build.0 = Debug|Any CPU
		{01681C9F-A582-4C6F-A138-AD19762232D4}.Release|Any CPU.ActiveCfg = Release|Any CPU
		{01681C9F-A582-4C6F-A138-AD19762232D4}.Release|Any CPU.Build.0 = Release|Any CPU
	EndGlobalSection
	GlobalSection(SolutionProperties) = preSolution
		HideSolutionNode = FALSE
	EndGlobalSection
	GlobalSection(ExtensibilityGlobals) = postSolution
		SolutionGuid = {788CBA24-C54E-4985-A4C7-4C4017FB5587}
	EndGlobalSection
EndGlobal
